
Microsoft Visual Studio Solution File, Format Version 12.00
# Visual Studio Version 17
VisualStudioVersion = 17.5.002.0
MinimumVisualStudioVersion = 10.0.40219.1
Project("{9A19103F-16F7-4668-BE54-9A1E7A4F7556}") = "Test", "Test.csproj", "{5337CA06-450E-4834-8B6B-02DABCD9348A}"
EndProject
Global
	GlobalSection(SolutionConfigurationPlatforms) = preSolution
		Debug|Any CPU = Debug|Any CPU
		Release|Any CPU = Release|Any CPU
	EndGlobalSection
	GlobalSection(ProjectConfigurationPlatforms) = postSolution
		{5337CA06-450E-4834-8B6B-02DABCD9348A}.Debug|Any CPU.ActiveCfg = Debug|Any CPU
		{5337CA06-450E-4834-8B6B-02DABCD9348A}.Debug|Any CPU.Build.0 = Debug|Any CPU
		{5337CA06-450E-4834-8B6B-02DABCD9348A}.Release|Any CPU.ActiveCfg = Release|Any CPU
		{5337CA06-450E-4834-8B6B-02DABCD9348A}.Release|Any CPU.Build.0 = Release|Any CPU
	EndGlobalSection
	GlobalSection(SolutionProperties) = preSolution
		HideSolutionNode = FALSE
	EndGlobalSection
	GlobalSection(ExtensibilityGlobals) = postSolution
		SolutionGuid = {A6384D12-9A2A-49DC-BC97-789E730E8365}
	EndGlobalSection
EndGlobal
